
Microsoft Visual Studio Solution File, Format Version 12.00
# Visual Studio Version 17
VisualStudioVersion = 17.14.36616.10 d17.14
MinimumVisualStudioVersion = 10.0.40219.1
Project("{8BC9CEB8-8B4A-11D0-8D11-00A0C91BC942}") = "Project1", "Project1.vcxproj", "{7B0AB600-3EE1-4157-894C-4E23538528D8}"
EndProject
Global
	GlobalSection(SolutionConfigurationPlatforms) = preSolution
		Debug|x64 = Debug|x64
		Debug|x86 = Debug|x86
		Release|x64 = Release|x64
		Release|x86 = Release|x86
	EndGlobalSection
	GlobalSection(ProjectConfigurationPlatforms) = postSolution
		{7B0AB600-3EE1-4157-894C-4E23538528D8}.Debug|x64.ActiveCfg = Debug|x64
		{7B0AB600-3EE1-4157-894C-4E23538528D8}.Debug|x64.Build.0 = Debug|x64
		{7B0AB600-3EE1-4157-894C-4E23538528D8}.Debug|x86.ActiveCfg = Debug|Win32
		{7B0AB600-3EE1-4157-894C-4E23538528D8}.Debug|x86.Build.0 = Debug|Win32
		{7B0AB600-3EE1-4157-894C-4E23538528D8}.Release|x64.ActiveCfg = Release|x64
		{7B0AB600-3EE1-4157-894C-4E23538528D8}.Release|x64.Build.0 = Release|x64
		{7B0AB600-3EE1-4157-894C-4E23538528D8}.Release|x86.ActiveCfg = Release|Win32
		{7B0AB600-3EE1-4157-894C-4E23538528D8}.Release|x86.Build.0 = Release|Win32
	EndGlobalSection
	GlobalSection(SolutionProperties) = preSolution
		HideSolutionNode = FALSE
	EndGlobalSection
	GlobalSection(ExtensibilityGlobals) = postSolution
		SolutionGuid = {F3CF770C-9DD0-4F02-9A1A-E465F0D5496E}
	EndGlobalSection
EndGlobal
